// !$*UTF8*$!
{
	archiveVersion = 1;
	classes = {
	};
	objectVersion = 56;
	objects = {

/* Begin PBXBuildFile section */
		044EB0E62BFC4C6500CA7166 /* AppDelegate.swift in Sources */ = {isa = PBXBuildFile; fileRef = 044EB0E52BFC4C6500CA7166 /* AppDelegate.swift */; };
		044EB0E82BFC4C6500CA7166 /* SceneDelegate.swift in Sources */ = {isa = PBXBuildFile; fileRef = 044EB0E72BFC4C6500CA7166 /* SceneDelegate.swift */; };
		044EB0EA2BFC4C6500CA7166 /* ViewController.swift in Sources */ = {isa = PBXBuildFile; fileRef = 044EB0E92BFC4C6500CA7166 /* ViewController.swift */; };
		044EB0ED2BFC4C6500CA7166 /* Base in Resources */ = {isa = PBXBuildFile; fileRef = 044EB0EC2BFC4C6500CA7166 /* Base */; };
		044EB0F02BFC4C6500CA7166 /* Gogolook_assignment.xcdatamodeld in Sources */ = {isa = PBXBuildFile; fileRef = 044EB0EE2BFC4C6500CA7166 /* Gogolook_assignment.xcdatamodeld */; };
		044EB0F22BFC4C6800CA7166 /* Assets.xcassets in Resources */ = {isa = PBXBuildFile; fileRef = 044EB0F12BFC4C6800CA7166 /* Assets.xcassets */; };
		044EB0F52BFC4C6800CA7166 /* Base in Resources */ = {isa = PBXBuildFile; fileRef = 044EB0F42BFC4C6800CA7166 /* Base */; };
/* End PBXBuildFile section */

/* Begin PBXFileReference section */
		044EB0E22BFC4C6500CA7166 /* Gogolook_assignment.app */ = {isa = PBXFileReference; explicitFileType = wrapper.application; includeInIndex = 0; path = Gogolook_assignment.app; sourceTree = BUILT_PRODUCTS_DIR; };
		044EB0E52BFC4C6500CA7166 /* AppDelegate.swift */ = {isa = PBXFileReference; lastKnownFileType = sourcecode.swift; path = AppDelegate.swift; sourceTree = "<group>"; };
		044EB0E72BFC4C6500CA7166 /* SceneDelegate.swift */ = {isa = PBXFileReference; lastKnownFileType = sourcecode.swift; path = SceneDelegate.swift; sourceTree = "<group>"; };
		044EB0E92BFC4C6500CA7166 /* ViewController.swift */ = {isa = PBXFileReference; lastKnownFileType = sourcecode.swift; path = ViewController.swift; sourceTree = "<group>"; };
		044EB0EC2BFC4C6500CA7166 /* Base */ = {isa = PBXFileReference; lastKnownFileType = file.storyboard; name = Base; path = Base.lproj/Main.storyboard; sourceTree = "<group>"; };
		044EB0EF2BFC4C6500CA7166 /* Gogolook_assignment.xcdatamodel */ = {isa = PBXFileReference; lastKnownFileType = wrapper.xcdatamodel; path = Gogolook_assignment.xcdatamodel; sourceTree = "<group>"; };
		044EB0F12BFC4C6800CA7166 /* Assets.xcassets */ = {isa = PBXFileReference; lastKnownFileType = folder.assetcatalog; path = Assets.xcassets; sourceTree = "<group>"; };
		044EB0F42BFC4C6800CA7166 /* Base */ = {isa = PBXFileReference; lastKnownFileType = file.storyboard; name = Base; path = Base.lproj/LaunchScreen.storyboard; sourceTree = "<group>"; };
		044EB0F62BFC4C6800CA7166 /* Info.plist */ = {isa = PBXFileReference; lastKnownFileType = text.plist.xml; path = Info.plist; sourceTree = "<group>"; };
/* End PBXFileReference section */

/* Begin PBXFrameworksBuildPhase section */
		044EB0DF2BFC4C6500CA7166 /* Frameworks */ = {
			isa = PBXFrameworksBuildPhase;
			buildActionMask = 2147483647;
			files = (
			);
			runOnlyForDeploymentPostprocessing = 0;
		};
/* End PBXFrameworksBuildPhase section */

/* Begin PBXGroup section */
		044EB0D92BFC4C6500CA7166 = {
			isa = PBXGroup;
			children = (
				044EB0E42BFC4C6500CA7166 /* Gogolook_assignment */,
				044EB0E32BFC4C6500CA7166 /* Products */,
			);
			sourceTree = "<group>";
		};
		044EB0E32BFC4C6500CA7166 /* Products */ = {
			isa = PBXGroup;
			children = (
				044EB0E22BFC4C6500CA7166 /* Gogolook_assignment.app */,
			);
			name = Products;
			sourceTree = "<group>";
		};
		044EB0E42BFC4C6500CA7166 /* Gogolook_assignment */ = {
			isa = PBXGroup;
			children = (
				044EB0E52BFC4C6500CA7166 /* AppDelegate.swift */,
				044EB0E72BFC4C6500CA7166 /* SceneDelegate.swift */,
				044EB0E92BFC4C6500CA7166 /* ViewController.swift */,
				044EB0EB2BFC4C6500CA7166 /* Main.storyboard */,
				044EB0F12BFC4C6800CA7166 /* Assets.xcassets */,
				044EB0F32BFC4C6800CA7166 /* LaunchScreen.storyboard */,
				044EB0F62BFC4C6800CA7166 /* Info.plist */,
				044EB0EE2BFC4C6500CA7166 /* Gogolook_assignment.xcdatamodeld */,
			);
			path = Gogolook_assignment;
			sourceTree = "<group>";
		};
/* End PBXGroup section */

/* Begin PBXNativeTarget section */
		044EB0E12BFC4C6500CA7166 /* Gogolook_assignment */ = {
			isa = PBXNativeTarget;
			buildConfigurationList = 044EB0F92BFC4C6800CA7166 /* Build configuration list for PBXNativeTarget "Gogolook_assignment" */;
			buildPhases = (
				044EB0DE2BFC4C6500CA7166 /* Sources */,
				044EB0DF2BFC4C6500CA7166 /* Frameworks */,
				044EB0E02BFC4C6500CA7166 /* Resources */,
			);
			buildRules = (
			);
			dependencies = (
			);
			name = Gogolook_assignment;
			productName = Gogolook_assignment;
			productReference = 044EB0E22BFC4C6500CA7166 /* Gogolook_assignment.app */;
			productType = "com.apple.product-type.application";
		};
/* End PBXNativeTarget section */

/* Begin PBXProject section */
		044EB0DA2BFC4C6500CA7166 /* Project object */ = {
			isa = PBXProject;
			attributes = {
				BuildIndependentTargetsInParallel = 1;
				LastSwiftUpdateCheck = 1540;
				LastUpgradeCheck = 1540;
				TargetAttributes = {
					044EB0E12BFC4C6500CA7166 = {
						CreatedOnToolsVersion = 15.4;
					};
				};
			};
			buildConfigurationList = 044EB0DD2BFC4C6500CA7166 /* Build configuration list for PBXProject "Gogolook_assignment" */;
			compatibilityVersion = "Xcode 14.0";
			developmentRegion = en;
			hasScannedForEncodings = 0;
			knownRegions = (
				en,
				Base,
			);
			mainGroup = 044EB0D92BFC4C6500CA7166;
			productRefGroup = 044EB0E32BFC4C6500CA7166 /* Products */;
			projectDirPath = "";
			projectRoot = "";
			targets = (
				044EB0E12BFC4C6500CA7166 /* Gogolook_assignment */,
			);
		};
/* End PBXProject section */

/* Begin PBXResourcesBuildPhase section */
		044EB0E02BFC4C6500CA7166 /* Resources */ = {
			isa = PBXResourcesBuildPhase;
			buildActionMask = 2147483647;
			files = (
				044EB0F22BFC4C6800CA7166 /* Assets.xcassets in Resources */,
				044EB0F52BFC4C6800CA7166 /* Base in Resources */,
				044EB0ED2BFC4C6500CA7166 /* Base in Resources */,
			);
			runOnlyForDeploymentPostprocessing = 0;
		};
/* End PBXResourcesBuildPhase section */

/* Begin PBXSourcesBuildPhase section */
		044EB0DE2BFC4C6500CA7166 /* Sources */ = {
			isa = PBXSourcesBuildPhase;
			buildActionMask = 2147483647;
			files = (
				044EB0EA2BFC4C6500CA7166 /* ViewController.swift in Sources */,
				044EB0E62BFC4C6500CA7166 /* AppDelegate.swift in Sources */,
				044EB0F02BFC4C6500CA7166 /* Gogolook_assignment.xcdatamodeld in Sources */,
				044EB0E82BFC4C6500CA7166 /* SceneDelegate.swift in Sources */,
			);
			runOnlyForDeploymentPostprocessing = 0;
		};
/* End PBXSourcesBuildPhase section */

/* Begin PBXVariantGroup section */
		044EB0EB2BFC4C6500CA7166 /* Main.storyboard */ = {
			isa = PBXVariantGroup;
			children = (
				044EB0EC2BFC4C6500CA7166 /* Base */,
			);
			name = Main.storyboard;
			sourceTree = "<group>";
		};
		044EB0F32BFC4C6800CA7166 /* LaunchScreen.storyboard */ = {
			isa = PBXVariantGroup;
			children = (
				044EB0F42BFC4C6800CA7166 /* Base */,
			);
			name = LaunchScreen.storyboard;
			sourceTree = "<group>";
		};
/* End PBXVariantGroup section */

/* Begin XCBuildConfiguration section */
		044EB0F72BFC4C6800CA7166 /* Debug */ = {
			isa = XCBuildConfiguration;
			buildSettings = {
				ALWAYS_SEARCH_USER_PATHS = NO;
				ASSETCATALOG_COMPILER_GENERATE_SWIFT_ASSET_SYMBOL_EXTENSIONS = YES;
				CLANG_ANALYZER_NONNULL = YES;
				CLANG_ANALYZER_NUMBER_OBJECT_CONVERSION = YES_AGGRESSIVE;
				CLANG_CXX_LANGUAGE_STANDARD = "gnu++20";
				CLANG_ENABLE_MODULES = YES;
				CLANG_ENABLE_OBJC_ARC = YES;
				CLANG_ENABLE_OBJC_WEAK = YES;
				CLANG_WARN_BLOCK_CAPTURE_AUTORELEASING = YES;
				CLANG_WARN_BOOL_CONVERSION = YES;
				CLANG_WARN_COMMA = YES;
				CLANG_WARN_CONSTANT_CONVERSION = YES;
				CLANG_WARN_DEPRECATED_OBJC_IMPLEMENTATIONS = YES;
				CLANG_WARN_DIRECT_OBJC_ISA_USAGE = YES_ERROR;
				CLANG_WARN_DOCUMENTATION_COMMENTS = YES;
				CLANG_WARN_EMPTY_BODY = YES;
				CLANG_WARN_ENUM_CONVERSION = YES;
				CLANG_WARN_INFINITE_RECURSION = YES;
				CLANG_WARN_INT_CONVERSION = YES;
				CLANG_WARN_NON_LITERAL_NULL_CONVERSION = YES;
				CLANG_WARN_OBJC_IMPLICIT_RETAIN_SELF = YES;
				CLANG_WARN_OBJC_LITERAL_CONVERSION = YES;
				CLANG_WARN_OBJC_ROOT_CLASS = YES_ERROR;
				CLANG_WARN_QUOTED_INCLUDE_IN_FRAMEWORK_HEADER = YES;
				CLANG_WARN_RANGE_LOOP_ANALYSIS = YES;
				CLANG_WARN_STRICT_PROTOTYPES = YES;
				CLANG_WARN_SUSPICIOUS_MOVE = YES;
				CLANG_WARN_UNGUARDED_AVAILABILITY = YES_AGGRESSIVE;
				CLANG_WARN_UNREACHABLE_CODE = YES;
				CLANG_WARN__DUPLICATE_METHOD_MATCH = YES;
				COPY_PHASE_STRIP = NO;
				DEBUG_INFORMATION_FORMAT = dwarf;
				ENABLE_STRICT_OBJC_MSGSEND = YES;
				ENABLE_TESTABILITY = YES;
				ENABLE_USER_SCRIPT_SANDBOXING = YES;
				GCC_C_LANGUAGE_STANDARD = gnu17;
				GCC_DYNAMIC_NO_PIC = NO;
				GCC_NO_COMMON_BLOCKS = YES;
				GCC_OPTIMIZATION_LEVEL = 0;
				GCC_PREPROCESSOR_DEFINITIONS = (
					"DEBUG=1",
					"$(inherited)",
				);
				GCC_WARN_64_TO_32_BIT_CONVERSION = YES;
				GCC_WARN_ABOUT_RETURN_TYPE = YES_ERROR;
				GCC_WARN_UNDECLARED_SELECTOR = YES;
				GCC_WARN_UNINITIALIZED_AUTOS = YES_AGGRESSIVE;
				GCC_WARN_UNUSED_FUNCTION = YES;
				GCC_WARN_UNUSED_VARIABLE = YES;
				IPHONEOS_DEPLOYMENT_TARGET = 17.5;
				LOCALIZATION_PREFERS_STRING_CATALOGS = YES;
				MTL_ENABLE_DEBUG_INFO = INCLUDE_SOURCE;
				MTL_FAST_MATH = YES;
				ONLY_ACTIVE_ARCH = YES;
				SDKROOT = iphoneos;
				SWIFT_ACTIVE_COMPILATION_CONDITIONS = "DEBUG $(inherited)";
				SWIFT_OPTIMIZATION_LEVEL = "-Onone";
			};
			name = Debug;
		};
		044EB0F82BFC4C6800CA7166 /* Release */ = {
			isa = XCBuildConfiguration;
			buildSettings = {
				ALWAYS_SEARCH_USER_PATHS = NO;
				ASSETCATALOG_COMPILER_GENERATE_SWIFT_ASSET_SYMBOL_EXTENSIONS = YES;
				CLANG_ANALYZER_NONNULL = YES;
				CLANG_ANALYZER_NUMBER_OBJECT_CONVERSION = YES_AGGRESSIVE;
				CLANG_CXX_LANGUAGE_STANDARD = "gnu++20";
				CLANG_ENABLE_MODULES = YES;
				CLANG_ENABLE_OBJC_ARC = YES;
				CLANG_ENABLE_OBJC_WEAK = YES;
				CLANG_WARN_BLOCK_CAPTURE_AUTORELEASING = YES;
				CLANG_WARN_BOOL_CONVERSION = YES;
				CLANG_WARN_COMMA = YES;
				CLANG_WARN_CONSTANT_CONVERSION = YES;
				CLANG_WARN_DEPRECATED_OBJC_IMPLEMENTATIONS = YES;
				CLANG_WARN_DIRECT_OBJC_ISA_USAGE = YES_ERROR;
				CLANG_WARN_DOCUMENTATION_COMMENTS = YES;
				CLANG_WARN_EMPTY_BODY = YES;
				CLANG_WARN_ENUM_CONVERSION = YES;
				CLANG_WARN_INFINITE_RECURSION = YES;
				CLANG_WARN_INT_CONVERSION = YES;
				CLANG_WARN_NON_LITERAL_NULL_CONVERSION = YES;
				CLANG_WARN_OBJC_IMPLICIT_RETAIN_SELF = YES;
				CLANG_WARN_OBJC_LITERAL_CONVERSION = YES;
				CLANG_WARN_OBJC_ROOT_CLASS = YES_ERROR;
				CLANG_WARN_QUOTED_INCLUDE_IN_FRAMEWORK_HEADER = YES;
				CLANG_WARN_RANGE_LOOP_ANALYSIS = YES;
				CLANG_WARN_STRICT_PROTOTYPES = YES;
				CLANG_WARN_SUSPICIOUS_MOVE = YES;
				CLANG_WARN_UNGUARDED_AVAILABILITY = YES_AGGRESSIVE;
				CLANG_WARN_UNREACHABLE_CODE = YES;
				CLANG_WARN__DUPLICATE_METHOD_MATCH = YES;
				COPY_PHASE_STRIP = NO;
				DEBUG_INFORMATION_FORMAT = "dwarf-with-dsym";
				ENABLE_NS_ASSERTIONS = NO;
				ENABLE_STRICT_OBJC_MSGSEND = YES;
				ENABLE_USER_SCRIPT_SANDBOXING = YES;
				GCC_C_LANGUAGE_STANDARD = gnu17;
				GCC_NO_COMMON_BLOCKS = YES;
				GCC_WARN_64_TO_32_BIT_CONVERSION = YES;
				GCC_WARN_ABOUT_RETURN_TYPE = YES_ERROR;
				GCC_WARN_UNDECLARED_SELECTOR = YES;
				GCC_WARN_UNINITIALIZED_AUTOS = YES_AGGRESSIVE;
				GCC_WARN_UNUSED_FUNCTION = YES;
				GCC_WARN_UNUSED_VARIABLE = YES;
				IPHONEOS_DEPLOYMENT_TARGET = 17.5;
				LOCALIZATION_PREFERS_STRING_CATALOGS = YES;
				MTL_ENABLE_DEBUG_INFO = NO;
				MTL_FAST_MATH = YES;
				SDKROOT = iphoneos;
				SWIFT_COMPILATION_MODE = wholemodule;
				VALIDATE_PRODUCT = YES;
			};
			name = Release;
		};
		044EB0FA2BFC4C6800CA7166 /* Debug */ = {
			isa = XCBuildConfiguration;
			buildSettings = {
				ASSETCATALOG_COMPILER_APPICON_NAME = AppIcon;
				ASSETCATALOG_COMPILER_GLOBAL_ACCENT_COLOR_NAME = AccentColor;
				CODE_SIGN_STYLE = Automatic;
				CURRENT_PROJECT_VERSION = 1;
				DEVELOPMENT_TEAM = L9M7QA5C39;
				GENERATE_INFOPLIST_FILE = YES;
				INFOPLIST_FILE = Gogolook_assignment/Info.plist;
				INFOPLIST_KEY_UIApplicationSupportsIndirectInputEvents = YES;
				INFOPLIST_KEY_UILaunchStoryboardName = LaunchScreen;
				INFOPLIST_KEY_UIMainStoryboardFile = Main;
				INFOPLIST_KEY_UISupportedInterfaceOrientations_iPad = "UIInterfaceOrientationPortrait UIInterfaceOrientationPortraitUpsideDown UIInterfaceOrientationLandscapeLeft UIInterfaceOrientationLandscapeRight";
				INFOPLIST_KEY_UISupportedInterfaceOrientations_iPhone = "UIInterfaceOrientationPortrait UIInterfaceOrientationLandscapeLeft UIInterfaceOrientationLandscapeRight";
				LD_RUNPATH_SEARCH_PATHS = (
					"$(inherited)",
					"@executable_path/Frameworks",
				);
				MARKETING_VERSION = 1.0;
				PRODUCT_BUNDLE_IDENTIFIER = "com.eraypeng.Gogolook-assignment";
				PRODUCT_NAME = "$(TARGET_NAME)";
				SWIFT_EMIT_LOC_STRINGS = YES;
				SWIFT_VERSION = 5.0;
				TARGETED_DEVICE_FAMILY = "1,2";
			};
			name = Debug;
		};
		044EB0FB2BFC4C6800CA7166 /* Release */ = {
			isa = XCBuildConfiguration;
			buildSettings = {
				ASSETCATALOG_COMPILER_APPICON_NAME = AppIcon;
				ASSETCATALOG_COMPILER_GLOBAL_ACCENT_COLOR_NAME = AccentColor;
				CODE_SIGN_STYLE = Automatic;
				CURRENT_PROJECT_VERSION = 1;
				DEVELOPMENT_TEAM = L9M7QA5C39;
				GENERATE_INFOPLIST_FILE = YES;
				INFOPLIST_FILE = Gogolook_assignment/Info.plist;
				INFOPLIST_KEY_UIApplicationSupportsIndirectInputEvents = YES;
				INFOPLIST_KEY_UILaunchStoryboardName = LaunchScreen;
				INFOPLIST_KEY_UIMainStoryboardFile = Main;
				INFOPLIST_KEY_UISupportedInterfaceOrientations_iPad = "UIInterfaceOrientationPortrait UIInterfaceOrientationPortraitUpsideDown UIInterfaceOrientationLandscapeLeft UIInterfaceOrientationLandscapeRight";
				INFOPLIST_KEY_UISupportedInterfaceOrientations_iPhone = "UIInterfaceOrientationPortrait UIInterfaceOrientationLandscapeLeft UIInterfaceOrientationLandscapeRight";
				LD_RUNPATH_SEARCH_PATHS = (
					"$(inherited)",
					"@executable_path/Frameworks",
				);
				MARKETING_VERSION = 1.0;
				PRODUCT_BUNDLE_IDENTIFIER = "com.eraypeng.Gogolook-assignment";
				PRODUCT_NAME = "$(TARGET_NAME)";
				SWIFT_EMIT_LOC_STRINGS = YES;
				SWIFT_VERSION = 5.0;
				TARGETED_DEVICE_FAMILY = "1,2";
			};
			name = Release;
		};
/* End XCBuildConfiguration section */

/* Begin XCConfigurationList section */
		044EB0DD2BFC4C6500CA7166 /* Build configuration list for PBXProject "Gogolook_assignment" */ = {
			isa = XCConfigurationList;
			buildConfigurations = (
				044EB0F72BFC4C6800CA7166 /* Debug */,
				044EB0F82BFC4C6800CA7166 /* Release */,
			);
			defaultConfigurationIsVisible = 0;
			defaultConfigurationName = Release;
		};
		044EB0F92BFC4C6800CA7166 /* Build configuration list for PBXNativeTarget "Gogolook_assignment" */ = {
			isa = XCConfigurationList;
			buildConfigurations = (
				044EB0FA2BFC4C6800CA7166 /* Debug */,
				044EB0FB2BFC4C6800CA7166 /* Release */,
			);
			defaultConfigurationIsVisible = 0;
			defaultConfigurationName = Release;
		};
/* End XCConfigurationList section */

/* Begin XCVersionGroup section */
		044EB0EE2BFC4C6500CA7166 /* Gogolook_assignment.xcdatamodeld */ = {
			isa = XCVersionGroup;
			children = (
				044EB0EF2BFC4C6500CA7166 /* Gogolook_assignment.xcdatamodel */,
			);
			currentVersion = 044EB0EF2BFC4C6500CA7166 /* Gogolook_assignment.xcdatamodel */;
			path = Gogolook_assignment.xcdatamodeld;
			sourceTree = "<group>";
			versionGroupType = wrapper.xcdatamodel;
		};
/* End XCVersionGroup section */
	};
	rootObject = 044EB0DA2BFC4C6500CA7166 /* Project object */;
}
